// !$*UTF8*$!
{
	archiveVersion = 1;
	classes = {
	};
	objectVersion = 50;
	objects = {

/* Begin PBXBuildFile section */
		311FBACF26AB3302002195E6 /* AppDelegate.swift in Sources */ = {isa = PBXBuildFile; fileRef = 311FBACE26AB3302002195E6 /* AppDelegate.swift */; };
		311FBAD126AB3302002195E6 /* SceneDelegate.swift in Sources */ = {isa = PBXBuildFile; fileRef = 311FBAD026AB3302002195E6 /* SceneDelegate.swift */; };
		311FBAD326AB3302002195E6 /* HomeViewController.swift in Sources */ = {isa = PBXBuildFile; fileRef = 311FBAD226AB3302002195E6 /* HomeViewController.swift */; };
		311FBAD826AB3305002195E6 /* Assets.xcassets in Resources */ = {isa = PBXBuildFile; fileRef = 311FBAD726AB3305002195E6 /* Assets.xcassets */; };
		311FBADB26AB3305002195E6 /* LaunchScreen.storyboard in Resources */ = {isa = PBXBuildFile; fileRef = 311FBAD926AB3305002195E6 /* LaunchScreen.storyboard */; };
		311FBAE726AB3744002195E6 /* ProfileViewController.swift in Sources */ = {isa = PBXBuildFile; fileRef = 311FBAE626AB3744002195E6 /* ProfileViewController.swift */; };
		311FBAE926AB3797002195E6 /* TabBarViewController.swift in Sources */ = {isa = PBXBuildFile; fileRef = 311FBAE826AB3797002195E6 /* TabBarViewController.swift */; };
		311FBAEB26AB37C3002195E6 /* SignInViewController.swift in Sources */ = {isa = PBXBuildFile; fileRef = 311FBAEA26AB37C3002195E6 /* SignInViewController.swift */; };
		311FBAED26AB37D3002195E6 /* SignUpViewController.swift in Sources */ = {isa = PBXBuildFile; fileRef = 311FBAEC26AB37D3002195E6 /* SignUpViewController.swift */; };
		311FBAEF26AB37FD002195E6 /* ViewPostViewController.swift in Sources */ = {isa = PBXBuildFile; fileRef = 311FBAEE26AB37FD002195E6 /* ViewPostViewController.swift */; };
		311FBAF126AB3820002195E6 /* CreateNewPostViewController.swift in Sources */ = {isa = PBXBuildFile; fileRef = 311FBAF026AB3820002195E6 /* CreateNewPostViewController.swift */; };
		311FBAF326AB3881002195E6 /* IAPManager.swift in Sources */ = {isa = PBXBuildFile; fileRef = 311FBAF226AB3881002195E6 /* IAPManager.swift */; };
		311FBAF526AB3910002195E6 /* DatabaseManager.swift in Sources */ = {isa = PBXBuildFile; fileRef = 311FBAF426AB3910002195E6 /* DatabaseManager.swift */; };
		311FBAF726AB3927002195E6 /* AuthManager.swift in Sources */ = {isa = PBXBuildFile; fileRef = 311FBAF626AB3927002195E6 /* AuthManager.swift */; };
		311FBAF926AB3944002195E6 /* StorageManager.swift in Sources */ = {isa = PBXBuildFile; fileRef = 311FBAF826AB3944002195E6 /* StorageManager.swift */; };
/* End PBXBuildFile section */

/* Begin PBXFileReference section */
		311FBACB26AB3302002195E6 /* BloggingApp.app */ = {isa = PBXFileReference; explicitFileType = wrapper.application; includeInIndex = 0; path = BloggingApp.app; sourceTree = BUILT_PRODUCTS_DIR; };
		311FBACE26AB3302002195E6 /* AppDelegate.swift */ = {isa = PBXFileReference; lastKnownFileType = sourcecode.swift; path = AppDelegate.swift; sourceTree = "<group>"; };
		311FBAD026AB3302002195E6 /* SceneDelegate.swift */ = {isa = PBXFileReference; lastKnownFileType = sourcecode.swift; path = SceneDelegate.swift; sourceTree = "<group>"; };
		311FBAD226AB3302002195E6 /* HomeViewController.swift */ = {isa = PBXFileReference; lastKnownFileType = sourcecode.swift; path = HomeViewController.swift; sourceTree = "<group>"; };
		311FBAD726AB3305002195E6 /* Assets.xcassets */ = {isa = PBXFileReference; lastKnownFileType = folder.assetcatalog; path = Assets.xcassets; sourceTree = "<group>"; };
		311FBADA26AB3305002195E6 /* Base */ = {isa = PBXFileReference; lastKnownFileType = file.storyboard; name = Base; path = Base.lproj/LaunchScreen.storyboard; sourceTree = "<group>"; };
		311FBADC26AB3305002195E6 /* Info.plist */ = {isa = PBXFileReference; lastKnownFileType = text.plist.xml; path = Info.plist; sourceTree = "<group>"; };
		311FBAE626AB3744002195E6 /* ProfileViewController.swift */ = {isa = PBXFileReference; lastKnownFileType = sourcecode.swift; path = ProfileViewController.swift; sourceTree = "<group>"; };
		311FBAE826AB3797002195E6 /* TabBarViewController.swift */ = {isa = PBXFileReference; lastKnownFileType = sourcecode.swift; path = TabBarViewController.swift; sourceTree = "<group>"; };
		311FBAEA26AB37C3002195E6 /* SignInViewController.swift */ = {isa = PBXFileReference; lastKnownFileType = sourcecode.swift; path = SignInViewController.swift; sourceTree = "<group>"; };
		311FBAEC26AB37D3002195E6 /* SignUpViewController.swift */ = {isa = PBXFileReference; lastKnownFileType = sourcecode.swift; path = SignUpViewController.swift; sourceTree = "<group>"; };
		311FBAEE26AB37FD002195E6 /* ViewPostViewController.swift */ = {isa = PBXFileReference; lastKnownFileType = sourcecode.swift; path = ViewPostViewController.swift; sourceTree = "<group>"; };
		311FBAF026AB3820002195E6 /* CreateNewPostViewController.swift */ = {isa = PBXFileReference; lastKnownFileType = sourcecode.swift; path = CreateNewPostViewController.swift; sourceTree = "<group>"; };
		311FBAF226AB3881002195E6 /* IAPManager.swift */ = {isa = PBXFileReference; lastKnownFileType = sourcecode.swift; path = IAPManager.swift; sourceTree = "<group>"; };
		311FBAF426AB3910002195E6 /* DatabaseManager.swift */ = {isa = PBXFileReference; lastKnownFileType = sourcecode.swift; path = DatabaseManager.swift; sourceTree = "<group>"; };
		311FBAF626AB3927002195E6 /* AuthManager.swift */ = {isa = PBXFileReference; lastKnownFileType = sourcecode.swift; path = AuthManager.swift; sourceTree = "<group>"; };
		311FBAF826AB3944002195E6 /* StorageManager.swift */ = {isa = PBXFileReference; lastKnownFileType = sourcecode.swift; path = StorageManager.swift; sourceTree = "<group>"; };
/* End PBXFileReference section */

/* Begin PBXFrameworksBuildPhase section */
		311FBAC826AB3302002195E6 /* Frameworks */ = {
			isa = PBXFrameworksBuildPhase;
			buildActionMask = 2147483647;
			files = (
			);
			runOnlyForDeploymentPostprocessing = 0;
		};
/* End PBXFrameworksBuildPhase section */

/* Begin PBXGroup section */
		311FBAC226AB3302002195E6 = {
			isa = PBXGroup;
			children = (
				311FBACD26AB3302002195E6 /* BloggingApp */,
				311FBACC26AB3302002195E6 /* Products */,
			);
			sourceTree = "<group>";
		};
		311FBACC26AB3302002195E6 /* Products */ = {
			isa = PBXGroup;
			children = (
				311FBACB26AB3302002195E6 /* BloggingApp.app */,
			);
			name = Products;
			sourceTree = "<group>";
		};
		311FBACD26AB3302002195E6 /* BloggingApp */ = {
			isa = PBXGroup;
			children = (
				311FBACE26AB3302002195E6 /* AppDelegate.swift */,
				311FBAD026AB3302002195E6 /* SceneDelegate.swift */,
				311FBAE526AB3550002195E6 /* Managers */,
				311FBAE426AB353E002195E6 /* Controllers */,
				311FBAE326AB3537002195E6 /* Views */,
				311FBAE226AB3531002195E6 /* Models */,
				311FBAD726AB3305002195E6 /* Assets.xcassets */,
				311FBADC26AB3305002195E6 /* Info.plist */,
			);
			path = BloggingApp;
			sourceTree = "<group>";
		};
		311FBAE226AB3531002195E6 /* Models */ = {
			isa = PBXGroup;
			children = (
			);
			path = Models;
			sourceTree = "<group>";
		};
		311FBAE326AB3537002195E6 /* Views */ = {
			isa = PBXGroup;
			children = (
				311FBAD926AB3305002195E6 /* LaunchScreen.storyboard */,
			);
			path = Views;
			sourceTree = "<group>";
		};
		311FBAE426AB353E002195E6 /* Controllers */ = {
			isa = PBXGroup;
			children = (
				311FBAD226AB3302002195E6 /* HomeViewController.swift */,
				311FBAE626AB3744002195E6 /* ProfileViewController.swift */,
				311FBAE826AB3797002195E6 /* TabBarViewController.swift */,
				311FBAEA26AB37C3002195E6 /* SignInViewController.swift */,
				311FBAEC26AB37D3002195E6 /* SignUpViewController.swift */,
				311FBAEE26AB37FD002195E6 /* ViewPostViewController.swift */,
				311FBAF026AB3820002195E6 /* CreateNewPostViewController.swift */,
			);
			path = Controllers;
			sourceTree = "<group>";
		};
		311FBAE526AB3550002195E6 /* Managers */ = {
			isa = PBXGroup;
			children = (
				311FBAF226AB3881002195E6 /* IAPManager.swift */,
				311FBAF426AB3910002195E6 /* DatabaseManager.swift */,
				311FBAF626AB3927002195E6 /* AuthManager.swift */,
				311FBAF826AB3944002195E6 /* StorageManager.swift */,
			);
			path = Managers;
			sourceTree = "<group>";
		};
/* End PBXGroup section */

/* Begin PBXNativeTarget section */
		311FBACA26AB3302002195E6 /* BloggingApp */ = {
			isa = PBXNativeTarget;
			buildConfigurationList = 311FBADF26AB3305002195E6 /* Build configuration list for PBXNativeTarget "BloggingApp" */;
			buildPhases = (
				311FBAC726AB3302002195E6 /* Sources */,
				311FBAC826AB3302002195E6 /* Frameworks */,
				311FBAC926AB3302002195E6 /* Resources */,
			);
			buildRules = (
			);
			dependencies = (
			);
			name = BloggingApp;
			productName = BloggingApp;
			productReference = 311FBACB26AB3302002195E6 /* BloggingApp.app */;
			productType = "com.apple.product-type.application";
		};
/* End PBXNativeTarget section */

/* Begin PBXProject section */
		311FBAC326AB3302002195E6 /* Project object */ = {
			isa = PBXProject;
			attributes = {
				LastSwiftUpdateCheck = 1250;
				LastUpgradeCheck = 1250;
				TargetAttributes = {
					311FBACA26AB3302002195E6 = {
						CreatedOnToolsVersion = 12.5;
					};
				};
			};
			buildConfigurationList = 311FBAC626AB3302002195E6 /* Build configuration list for PBXProject "BloggingApp" */;
			compatibilityVersion = "Xcode 9.3";
			developmentRegion = en;
			hasScannedForEncodings = 0;
			knownRegions = (
				en,
				Base,
			);
			mainGroup = 311FBAC226AB3302002195E6;
			productRefGroup = 311FBACC26AB3302002195E6 /* Products */;
			projectDirPath = "";
			projectRoot = "";
			targets = (
				311FBACA26AB3302002195E6 /* BloggingApp */,
			);
		};
/* End PBXProject section */

/* Begin PBXResourcesBuildPhase section */
		311FBAC926AB3302002195E6 /* Resources */ = {
			isa = PBXResourcesBuildPhase;
			buildActionMask = 2147483647;
			files = (
				311FBADB26AB3305002195E6 /* LaunchScreen.storyboard in Resources */,
				311FBAD826AB3305002195E6 /* Assets.xcassets in Resources */,
			);
			runOnlyForDeploymentPostprocessing = 0;
		};
/* End PBXResourcesBuildPhase section */

/* Begin PBXSourcesBuildPhase section */
		311FBAC726AB3302002195E6 /* Sources */ = {
			isa = PBXSourcesBuildPhase;
			buildActionMask = 2147483647;
			files = (
				311FBAD326AB3302002195E6 /* HomeViewController.swift in Sources */,
				311FBAF726AB3927002195E6 /* AuthManager.swift in Sources */,
				311FBAF526AB3910002195E6 /* DatabaseManager.swift in Sources */,
				311FBAED26AB37D3002195E6 /* SignUpViewController.swift in Sources */,
				311FBACF26AB3302002195E6 /* AppDelegate.swift in Sources */,
				311FBAEB26AB37C3002195E6 /* SignInViewController.swift in Sources */,
				311FBAE726AB3744002195E6 /* ProfileViewController.swift in Sources */,
				311FBAF126AB3820002195E6 /* CreateNewPostViewController.swift in Sources */,
				311FBAF326AB3881002195E6 /* IAPManager.swift in Sources */,
				311FBAE926AB3797002195E6 /* TabBarViewController.swift in Sources */,
				311FBAD126AB3302002195E6 /* SceneDelegate.swift in Sources */,
				311FBAEF26AB37FD002195E6 /* ViewPostViewController.swift in Sources */,
				311FBAF926AB3944002195E6 /* StorageManager.swift in Sources */,
			);
			runOnlyForDeploymentPostprocessing = 0;
		};
/* End PBXSourcesBuildPhase section */

/* Begin PBXVariantGroup section */
		311FBAD926AB3305002195E6 /* LaunchScreen.storyboard */ = {
			isa = PBXVariantGroup;
			children = (
				311FBADA26AB3305002195E6 /* Base */,
			);
			name = LaunchScreen.storyboard;
			sourceTree = "<group>";
		};
/* End PBXVariantGroup section */

/* Begin XCBuildConfiguration section */
		311FBADD26AB3305002195E6 /* Debug */ = {
			isa = XCBuildConfiguration;
			buildSettings = {
				ALWAYS_SEARCH_USER_PATHS = NO;
				CLANG_ANALYZER_NONNULL = YES;
				CLANG_ANALYZER_NUMBER_OBJECT_CONVERSION = YES_AGGRESSIVE;
				CLANG_CXX_LANGUAGE_STANDARD = "gnu++14";
				CLANG_CXX_LIBRARY = "libc++";
				CLANG_ENABLE_MODULES = YES;
				CLANG_ENABLE_OBJC_ARC = YES;
				CLANG_ENABLE_OBJC_WEAK = YES;
				CLANG_WARN_BLOCK_CAPTURE_AUTORELEASING = YES;
				CLANG_WARN_BOOL_CONVERSION = YES;
				CLANG_WARN_COMMA = YES;
				CLANG_WARN_CONSTANT_CONVERSION = YES;
				CLANG_WARN_DEPRECATED_OBJC_IMPLEMENTATIONS = YES;
				CLANG_WARN_DIRECT_OBJC_ISA_USAGE = YES_ERROR;
				CLANG_WARN_DOCUMENTATION_COMMENTS = YES;
				CLANG_WARN_EMPTY_BODY = YES;
				CLANG_WARN_ENUM_CONVERSION = YES;
				CLANG_WARN_INFINITE_RECURSION = YES;
				CLANG_WARN_INT_CONVERSION = YES;
				CLANG_WARN_NON_LITERAL_NULL_CONVERSION = YES;
				CLANG_WARN_OBJC_IMPLICIT_RETAIN_SELF = YES;
				CLANG_WARN_OBJC_LITERAL_CONVERSION = YES;
				CLANG_WARN_OBJC_ROOT_CLASS = YES_ERROR;
				CLANG_WARN_QUOTED_INCLUDE_IN_FRAMEWORK_HEADER = YES;
				CLANG_WARN_RANGE_LOOP_ANALYSIS = YES;
				CLANG_WARN_STRICT_PROTOTYPES = YES;
				CLANG_WARN_SUSPICIOUS_MOVE = YES;
				CLANG_WARN_UNGUARDED_AVAILABILITY = YES_AGGRESSIVE;
				CLANG_WARN_UNREACHABLE_CODE = YES;
				CLANG_WARN__DUPLICATE_METHOD_MATCH = YES;
				COPY_PHASE_STRIP = NO;
				DEBUG_INFORMATION_FORMAT = dwarf;
				ENABLE_STRICT_OBJC_MSGSEND = YES;
				ENABLE_TESTABILITY = YES;
				GCC_C_LANGUAGE_STANDARD = gnu11;
				GCC_DYNAMIC_NO_PIC = NO;
				GCC_NO_COMMON_BLOCKS = YES;
				GCC_OPTIMIZATION_LEVEL = 0;
				GCC_PREPROCESSOR_DEFINITIONS = (
					"DEBUG=1",
					"$(inherited)",
				);
				GCC_WARN_64_TO_32_BIT_CONVERSION = YES;
				GCC_WARN_ABOUT_RETURN_TYPE = YES_ERROR;
				GCC_WARN_UNDECLARED_SELECTOR = YES;
				GCC_WARN_UNINITIALIZED_AUTOS = YES_AGGRESSIVE;
				GCC_WARN_UNUSED_FUNCTION = YES;
				GCC_WARN_UNUSED_VARIABLE = YES;
				IPHONEOS_DEPLOYMENT_TARGET = 14.5;
				MTL_ENABLE_DEBUG_INFO = INCLUDE_SOURCE;
				MTL_FAST_MATH = YES;
				ONLY_ACTIVE_ARCH = YES;
				SDKROOT = iphoneos;
				SWIFT_ACTIVE_COMPILATION_CONDITIONS = DEBUG;
				SWIFT_OPTIMIZATION_LEVEL = "-Onone";
			};
			name = Debug;
		};
		311FBADE26AB3305002195E6 /* Release */ = {
			isa = XCBuildConfiguration;
			buildSettings = {
				ALWAYS_SEARCH_USER_PATHS = NO;
				CLANG_ANALYZER_NONNULL = YES;
				CLANG_ANALYZER_NUMBER_OBJECT_CONVERSION = YES_AGGRESSIVE;
				CLANG_CXX_LANGUAGE_STANDARD = "gnu++14";
				CLANG_CXX_LIBRARY = "libc++";
				CLANG_ENABLE_MODULES = YES;
				CLANG_ENABLE_OBJC_ARC = YES;
				CLANG_ENABLE_OBJC_WEAK = YES;
				CLANG_WARN_BLOCK_CAPTURE_AUTORELEASING = YES;
				CLANG_WARN_BOOL_CONVERSION = YES;
				CLANG_WARN_COMMA = YES;
				CLANG_WARN_CONSTANT_CONVERSION = YES;
				CLANG_WARN_DEPRECATED_OBJC_IMPLEMENTATIONS = YES;
				CLANG_WARN_DIRECT_OBJC_ISA_USAGE = YES_ERROR;
				CLANG_WARN_DOCUMENTATION_COMMENTS = YES;
				CLANG_WARN_EMPTY_BODY = YES;
				CLANG_WARN_ENUM_CONVERSION = YES;
				CLANG_WARN_INFINITE_RECURSION = YES;
				CLANG_WARN_INT_CONVERSION = YES;
				CLANG_WARN_NON_LITERAL_NULL_CONVERSION = YES;
				CLANG_WARN_OBJC_IMPLICIT_RETAIN_SELF = YES;
				CLANG_WARN_OBJC_LITERAL_CONVERSION = YES;
				CLANG_WARN_OBJC_ROOT_CLASS = YES_ERROR;
				CLANG_WARN_QUOTED_INCLUDE_IN_FRAMEWORK_HEADER = YES;
				CLANG_WARN_RANGE_LOOP_ANALYSIS = YES;
				CLANG_WARN_STRICT_PROTOTYPES = YES;
				CLANG_WARN_SUSPICIOUS_MOVE = YES;
				CLANG_WARN_UNGUARDED_AVAILABILITY = YES_AGGRESSIVE;
				CLANG_WARN_UNREACHABLE_CODE = YES;
				CLANG_WARN__DUPLICATE_METHOD_MATCH = YES;
				COPY_PHASE_STRIP = NO;
				DEBUG_INFORMATION_FORMAT = "dwarf-with-dsym";
				ENABLE_NS_ASSERTIONS = NO;
				ENABLE_STRICT_OBJC_MSGSEND = YES;
				GCC_C_LANGUAGE_STANDARD = gnu11;
				GCC_NO_COMMON_BLOCKS = YES;
				GCC_WARN_64_TO_32_BIT_CONVERSION = YES;
				GCC_WARN_ABOUT_RETURN_TYPE = YES_ERROR;
				GCC_WARN_UNDECLARED_SELECTOR = YES;
				GCC_WARN_UNINITIALIZED_AUTOS = YES_AGGRESSIVE;
				GCC_WARN_UNUSED_FUNCTION = YES;
				GCC_WARN_UNUSED_VARIABLE = YES;
				IPHONEOS_DEPLOYMENT_TARGET = 14.5;
				MTL_ENABLE_DEBUG_INFO = NO;
				MTL_FAST_MATH = YES;
				SDKROOT = iphoneos;
				SWIFT_COMPILATION_MODE = wholemodule;
				SWIFT_OPTIMIZATION_LEVEL = "-O";
				VALIDATE_PRODUCT = YES;
			};
			name = Release;
		};
		311FBAE026AB3305002195E6 /* Debug */ = {
			isa = XCBuildConfiguration;
			buildSettings = {
				ASSETCATALOG_COMPILER_APPICON_NAME = AppIcon;
				ASSETCATALOG_COMPILER_GLOBAL_ACCENT_COLOR_NAME = AccentColor;
				CODE_SIGN_STYLE = Automatic;
				DEVELOPMENT_TEAM = 85965G969V;
				INFOPLIST_FILE = BloggingApp/Info.plist;
				IPHONEOS_DEPLOYMENT_TARGET = 13.6;
				LD_RUNPATH_SEARCH_PATHS = (
					"$(inherited)",
					"@executable_path/Frameworks",
				);
				PRODUCT_BUNDLE_IDENTIFIER = "elina-mansurova.BloggingApp";
				PRODUCT_NAME = "$(TARGET_NAME)";
				SWIFT_VERSION = 5.0;
				TARGETED_DEVICE_FAMILY = 1;
			};
			name = Debug;
		};
		311FBAE126AB3305002195E6 /* Release */ = {
			isa = XCBuildConfiguration;
			buildSettings = {
				ASSETCATALOG_COMPILER_APPICON_NAME = AppIcon;
				ASSETCATALOG_COMPILER_GLOBAL_ACCENT_COLOR_NAME = AccentColor;
				CODE_SIGN_STYLE = Automatic;
				DEVELOPMENT_TEAM = X33YSQ4KGJ;
				INFOPLIST_FILE = BloggingApp/Info.plist;
				IPHONEOS_DEPLOYMENT_TARGET = 13.6;
				LD_RUNPATH_SEARCH_PATHS = (
					"$(inherited)",
					"@executable_path/Frameworks",
				);
				PRODUCT_BUNDLE_IDENTIFIER = "elina-mansurova.BloggingApp";
				PRODUCT_NAME = "$(TARGET_NAME)";
				SWIFT_VERSION = 5.0;
				TARGETED_DEVICE_FAMILY = 1;
			};
			name = Release;
		};
/* End XCBuildConfiguration section */

/* Begin XCConfigurationList section */
		311FBAC626AB3302002195E6 /* Build configuration list for PBXProject "BloggingApp" */ = {
			isa = XCConfigurationList;
			buildConfigurations = (
				311FBADD26AB3305002195E6 /* Debug */,
				311FBADE26AB3305002195E6 /* Release */,
			);
			defaultConfigurationIsVisible = 0;
			defaultConfigurationName = Release;
		};
		311FBADF26AB3305002195E6 /* Build configuration list for PBXNativeTarget "BloggingApp" */ = {
			isa = XCConfigurationList;
			buildConfigurations = (
				311FBAE026AB3305002195E6 /* Debug */,
				311FBAE126AB3305002195E6 /* Release */,
			);
			defaultConfigurationIsVisible = 0;
			defaultConfigurationName = Release;
		};
/* End XCConfigurationList section */
	};
	rootObject = 311FBAC326AB3302002195E6 /* Project object */;
}
